
Microsoft Visual Studio Solution File, Format Version 12.00
Project("{FAE04EC0-301F-11D3-BF4B-00C04F79EFBC}") = "Day 1 - Trebuchet", "Day 1 - Trebuchet\Day 1 - Trebuchet.csproj", "{11C6D875-A09A-4A9C-B4E1-60F60ABE4B64}"
EndProject
Project("{FAE04EC0-301F-11D3-BF4B-00C04F79EFBC}") = "Day 2 - Cube Conundrum", "Day 2 - Cube Conundrum\Day 2 - Cube Conundrum.csproj", "{51E7ED4B-1708-4016-91C0-89B60527D8B3}"
EndProject
Project("{FAE04EC0-301F-11D3-BF4B-00C04F79EFBC}") = "Day 3 - Gear Ratios", "Day 3 - Gear Ratios\Day 3 - Gear Ratios.csproj", "{1E50A180-BBBA-4746-9EEC-C1B281665F82}"
EndProject
Project("{FAE04EC0-301F-11D3-BF4B-00C04F79EFBC}") = "Day 4 - Scratchcards", "Day 4 - Scratchcards\Day 4 - Scratchcards.csproj", "{296881C9-23C0-4BE0-B3C5-589D49B2B7BA}"
EndProject
Project("{FAE04EC0-301F-11D3-BF4B-00C04F79EFBC}") = "Day 6 - Wait For It", "Day 6 - Wait For It\Day 6 - Wait For It.csproj", "{564E1FCA-A0A6-4AD4-8885-DB0853AA8709}"
EndProject
Project("{FAE04EC0-301F-11D3-BF4B-00C04F79EFBC}") = "Day 9 - Mirage Maintenance", "Day 9 - Mirage Maintenance\Day 9 - Mirage Maintenance.csproj", "{DB43CE05-6B08-4311-B3C6-9150CEA18267}"
EndProject
Project("{FAE04EC0-301F-11D3-BF4B-00C04F79EFBC}") = "Day 7 - Camel Cards", "Day 7 - Camel Cards\Day 7 - Camel Cards.csproj", "{97EDB6DC-37E0-462A-9723-8112E8844908}"
EndProject
Project("{FAE04EC0-301F-11D3-BF4B-00C04F79EFBC}") = "Day 10 - Pipe Maze", "Day 10 - Pipe Maze\Day 10 - Pipe Maze.csproj", "{37E3D9CC-7B80-4790-A3BE-F8892A3F4BFC}"
EndProject
Project("{FAE04EC0-301F-11D3-BF4B-00C04F79EFBC}") = "Day 11 - Cosmic Expansion", "Day 11 - Cosmic Expansion\Day 11 - Cosmic Expansion.csproj", "{7A5BBFDE-62BC-4031-8B1C-ADBDEFB5A916}"
EndProject
Global
	GlobalSection(SolutionConfigurationPlatforms) = preSolution
		Debug|Any CPU = Debug|Any CPU
		Release|Any CPU = Release|Any CPU
	EndGlobalSection
	GlobalSection(ProjectConfigurationPlatforms) = postSolution
		{11C6D875-A09A-4A9C-B4E1-60F60ABE4B64}.Debug|Any CPU.ActiveCfg = Debug|Any CPU
		{11C6D875-A09A-4A9C-B4E1-60F60ABE4B64}.Debug|Any CPU.Build.0 = Debug|Any CPU
		{11C6D875-A09A-4A9C-B4E1-60F60ABE4B64}.Release|Any CPU.ActiveCfg = Release|Any CPU
		{11C6D875-A09A-4A9C-B4E1-60F60ABE4B64}.Release|Any CPU.Build.0 = Release|Any CPU
		{51E7ED4B-1708-4016-91C0-89B60527D8B3}.Debug|Any CPU.ActiveCfg = Debug|Any CPU
		{51E7ED4B-1708-4016-91C0-89B60527D8B3}.Debug|Any CPU.Build.0 = Debug|Any CPU
		{51E7ED4B-1708-4016-91C0-89B60527D8B3}.Release|Any CPU.ActiveCfg = Release|Any CPU
		{51E7ED4B-1708-4016-91C0-89B60527D8B3}.Release|Any CPU.Build.0 = Release|Any CPU
		{1E50A180-BBBA-4746-9EEC-C1B281665F82}.Debug|Any CPU.ActiveCfg = Debug|Any CPU
		{1E50A180-BBBA-4746-9EEC-C1B281665F82}.Debug|Any CPU.Build.0 = Debug|Any CPU
		{1E50A180-BBBA-4746-9EEC-C1B281665F82}.Release|Any CPU.ActiveCfg = Release|Any CPU
		{1E50A180-BBBA-4746-9EEC-C1B281665F82}.Release|Any CPU.Build.0 = Release|Any CPU
		{296881C9-23C0-4BE0-B3C5-589D49B2B7BA}.Debug|Any CPU.ActiveCfg = Debug|Any CPU
		{296881C9-23C0-4BE0-B3C5-589D49B2B7BA}.Debug|Any CPU.Build.0 = Debug|Any CPU
		{296881C9-23C0-4BE0-B3C5-589D49B2B7BA}.Release|Any CPU.ActiveCfg = Release|Any CPU
		{296881C9-23C0-4BE0-B3C5-589D49B2B7BA}.Release|Any CPU.Build.0 = Release|Any CPU
		{564E1FCA-A0A6-4AD4-8885-DB0853AA8709}.Debug|Any CPU.ActiveCfg = Debug|Any CPU
		{564E1FCA-A0A6-4AD4-8885-DB0853AA8709}.Debug|Any CPU.Build.0 = Debug|Any CPU
		{564E1FCA-A0A6-4AD4-8885-DB0853AA8709}.Release|Any CPU.ActiveCfg = Release|Any CPU
		{564E1FCA-A0A6-4AD4-8885-DB0853AA8709}.Release|Any CPU.Build.0 = Release|Any CPU
		{DB43CE05-6B08-4311-B3C6-9150CEA18267}.Debug|Any CPU.ActiveCfg = Debug|Any CPU
		{DB43CE05-6B08-4311-B3C6-9150CEA18267}.Debug|Any CPU.Build.0 = Debug|Any CPU
		{DB43CE05-6B08-4311-B3C6-9150CEA18267}.Release|Any CPU.ActiveCfg = Release|Any CPU
		{DB43CE05-6B08-4311-B3C6-9150CEA18267}.Release|Any CPU.Build.0 = Release|Any CPU
		{97EDB6DC-37E0-462A-9723-8112E8844908}.Debug|Any CPU.ActiveCfg = Debug|Any CPU
		{97EDB6DC-37E0-462A-9723-8112E8844908}.Debug|Any CPU.Build.0 = Debug|Any CPU
		{97EDB6DC-37E0-462A-9723-8112E8844908}.Release|Any CPU.ActiveCfg = Release|Any CPU
		{97EDB6DC-37E0-462A-9723-8112E8844908}.Release|Any CPU.Build.0 = Release|Any CPU
		{37E3D9CC-7B80-4790-A3BE-F8892A3F4BFC}.Debug|Any CPU.ActiveCfg = Debug|Any CPU
		{37E3D9CC-7B80-4790-A3BE-F8892A3F4BFC}.Debug|Any CPU.Build.0 = Debug|Any CPU
		{37E3D9CC-7B80-4790-A3BE-F8892A3F4BFC}.Release|Any CPU.ActiveCfg = Release|Any CPU
		{37E3D9CC-7B80-4790-A3BE-F8892A3F4BFC}.Release|Any CPU.Build.0 = Release|Any CPU
		{7A5BBFDE-62BC-4031-8B1C-ADBDEFB5A916}.Debug|Any CPU.ActiveCfg = Debug|Any CPU
		{7A5BBFDE-62BC-4031-8B1C-ADBDEFB5A916}.Debug|Any CPU.Build.0 = Debug|Any CPU
		{7A5BBFDE-62BC-4031-8B1C-ADBDEFB5A916}.Release|Any CPU.ActiveCfg = Release|Any CPU
		{7A5BBFDE-62BC-4031-8B1C-ADBDEFB5A916}.Release|Any CPU.Build.0 = Release|Any CPU
	EndGlobalSection
EndGlobal
