
Microsoft Visual Studio Solution File, Format Version 12.00
# Visual Studio Version 17
VisualStudioVersion = 17.12.35323.107
MinimumVisualStudioVersion = 10.0.40219.1
Project("{FAE04EC0-301F-11D3-BF4B-00C04F79EFBC}") = "Year2024", "Year2024\Year2024.csproj", "{F88AF081-BB2E-43F6-B069-F7937C956318}"
EndProject
Project("{2150E333-8FDC-42A3-9474-1A3956D46DE8}") = "Solution Items", "Solution Items", "{E6937F1F-509A-4372-824E-2C6419E3E92C}"
	ProjectSection(SolutionItems) = preProject
		.editorconfig = .editorconfig
		.gitignore = .gitignore
		Directory.Build.props = Directory.Build.props
		README.md = README.md
	EndProjectSection
EndProject
Global
	GlobalSection(SolutionConfigurationPlatforms) = preSolution
		Debug|Any CPU = Debug|Any CPU
		Release|Any CPU = Release|Any CPU
	EndGlobalSection
	GlobalSection(ProjectConfigurationPlatforms) = postSolution
		{F88AF081-BB2E-43F6-B069-F7937C956318}.Debug|Any CPU.ActiveCfg = Debug|Any CPU
		{F88AF081-BB2E-43F6-B069-F7937C956318}.Debug|Any CPU.Build.0 = Debug|Any CPU
		{F88AF081-BB2E-43F6-B069-F7937C956318}.Release|Any CPU.ActiveCfg = Release|Any CPU
		{F88AF081-BB2E-43F6-B069-F7937C956318}.Release|Any CPU.Build.0 = Release|Any CPU
	EndGlobalSection
	GlobalSection(SolutionProperties) = preSolution
		HideSolutionNode = FALSE
	EndGlobalSection
	GlobalSection(ExtensibilityGlobals) = postSolution
		SolutionGuid = {1B420ED0-6BFE-4BFA-A41B-899136B74443}
	EndGlobalSection
EndGlobal
