<Solution>
  <Folder Name="/Solution Items/">
    <File Path=".gitignore" />
    <File Path="src/.editorconfig" />
    <File Path="src/Directory.Build.props" />
    <File Path="src/Directory.Build.targets" />
    <File Path="src/Directory.Packages.props" />
  </Folder>
  <Project Path="AdventOfCode.Solvers.Tests/AdventOfCode.Solvers.Tests.csproj" Id="6a550514-8aba-49c8-b074-43f6af037b9f" />
  <Project Path="src/AdvenOfCode.Solvers/AdvenOfCode.Solvers.csproj" />
</Solution>
