
Microsoft Visual Studio Solution File, Format Version 12.00
Project("{FAE04EC0-301F-11D3-BF4B-00C04F79EFBC}") = "Day 1 - Trebuchet", "Year 2023\Day 1 - Trebuchet\Day 1 - Trebuchet.csproj", "{11C6D875-A09A-4A9C-B4E1-60F60ABE4B64}"
EndProject
Project("{FAE04EC0-301F-11D3-BF4B-00C04F79EFBC}") = "Day 2 - Cube Conundrum", "Year 2023\Day 2 - Cube Conundrum\Day 2 - Cube Conundrum.csproj", "{51E7ED4B-1708-4016-91C0-89B60527D8B3}"
EndProject
Project("{FAE04EC0-301F-11D3-BF4B-00C04F79EFBC}") = "Day 3 - Gear Ratios", "Year 2023\Day 3 - Gear Ratios\Day 3 - Gear Ratios.csproj", "{1E50A180-BBBA-4746-9EEC-C1B281665F82}"
EndProject
Project("{FAE04EC0-301F-11D3-BF4B-00C04F79EFBC}") = "Day 4 - Scratchcards", "Year 2023\Day 4 - Scratchcards\Day 4 - Scratchcards.csproj", "{296881C9-23C0-4BE0-B3C5-589D49B2B7BA}"
EndProject
Project("{FAE04EC0-301F-11D3-BF4B-00C04F79EFBC}") = "Day 5 - If You Give A Seed A Fertilizer", "Year 2023\Day 5 - If You Give A Seed A Fertilizer\Day 5 - If You Give A Seed A Fertilizer.csproj", "{8F2F36F5-832B-4416-B6D2-78E6067A48F2}"
EndProject
Project("{FAE04EC0-301F-11D3-BF4B-00C04F79EFBC}") = "Day 6 - Wait For It", "Year 2023\Day 6 - Wait For It\Day 6 - Wait For It.csproj", "{564E1FCA-A0A6-4AD4-8885-DB0853AA8709}"
EndProject
Project("{FAE04EC0-301F-11D3-BF4B-00C04F79EFBC}") = "Day 7 - Camel Cards", "Year 2023\Day 7 - Camel Cards\Day 7 - Camel Cards.csproj", "{97EDB6DC-37E0-462A-9723-8112E8844908}"
EndProject
Project("{FAE04EC0-301F-11D3-BF4B-00C04F79EFBC}") = "Day 8 - Haunted Wasteland", "Year 2023\Day 8 - Haunted Wasteland\Day 8 - Haunted Wasteland.csproj", "{CC5BFC40-46AF-41CD-9E9F-E588EF80A373}"
EndProject
Project("{FAE04EC0-301F-11D3-BF4B-00C04F79EFBC}") = "Day 9 - Mirage Maintenance", "Year 2023\Day 9 - Mirage Maintenance\Day 9 - Mirage Maintenance.csproj", "{DB43CE05-6B08-4311-B3C6-9150CEA18267}"
EndProject
Project("{FAE04EC0-301F-11D3-BF4B-00C04F79EFBC}") = "Day 10 - Pipe Maze", "Year 2023\Day 10 - Pipe Maze\Day 10 - Pipe Maze.csproj", "{37E3D9CC-7B80-4790-A3BE-F8892A3F4BFC}"
EndProject
Project("{FAE04EC0-301F-11D3-BF4B-00C04F79EFBC}") = "Day 11 - Cosmic Expansion", "Year 2023\Day 11 - Cosmic Expansion\Day 11 - Cosmic Expansion.csproj", "{7A5BBFDE-62BC-4031-8B1C-ADBDEFB5A916}"
EndProject
Project("{FAE04EC0-301F-11D3-BF4B-00C04F79EFBC}") = "Day 12 - Hot Springs", "Year 2023\Day 12 - Hot Springs\Day 12 - Hot Springs.csproj", "{D6C6CECF-4363-478A-A48F-58ABA8B17CA4}"
EndProject
Project("{FAE04EC0-301F-11D3-BF4B-00C04F79EFBC}") = "Day 16 - The Floor Will Be Lava", "Year 2023\Day 16 - The Floor Will Be Lava\Day 16 - The Floor Will Be Lava.csproj", "{C6C799A9-9ABE-43C6-A447-667524FC653D}"
EndProject
Project("{2150E333-8FDC-42A3-9474-1A3956D46DE8}") = "Year 2023", "Year 2023", "{608CEE40-AE1A-433B-8610-F1E14C418D2C}"
	ProjectSection(SolutionItems) = preProject
		Year 2023\Directory.Build.props = Year 2023\Directory.Build.props
	EndProjectSection
EndProject
Project("{FAE04EC0-301F-11D3-BF4B-00C04F79EFBC}") = "AdventOfCode", "AdventOfCode\AdventOfCode.csproj", "{F33FB26D-527D-43B2-877E-A9DFE7E19D86}"
EndProject
Project("{FAE04EC0-301F-11D3-BF4B-00C04F79EFBC}") = "Application", "Application\Application.csproj", "{9E369FCA-D803-4574-8528-2B11DDEA02D3}"
EndProject
Project("{FAE04EC0-301F-11D3-BF4B-00C04F79EFBC}") = "Common", "Common\Common.csproj", "{3F9C5D18-AE2E-4867-9E70-BAFF0504513E}"
EndProject
Project("{FAE04EC0-301F-11D3-BF4B-00C04F79EFBC}") = "Common.Tests", "Common.Tests\Common.Tests.csproj", "{FB7BE45F-FCDA-4CF0-9DF0-7B0949D9EE4F}"
EndProject
Project("{FAE04EC0-301F-11D3-BF4B-00C04F79EFBC}") = "Day 13 - Point of Incidence", "Year 2023\Day 13 - Point of Incidence\Day 13 - Point of Incidence.csproj", "{27E8EA39-6C80-486A-936F-3E64F07C70FA}"
EndProject
Project("{FAE04EC0-301F-11D3-BF4B-00C04F79EFBC}") = "Day 25 - Snowverload", "Year 2023\Day 25 - Snowverload\Day 25 - Snowverload.csproj", "{015F1CEB-C02B-41A0-93DA-E210E9A457F4}"
EndProject
Global
	GlobalSection(SolutionConfigurationPlatforms) = preSolution
		Debug|Any CPU = Debug|Any CPU
		Release|Any CPU = Release|Any CPU
	EndGlobalSection
	GlobalSection(ProjectConfigurationPlatforms) = postSolution
		{11C6D875-A09A-4A9C-B4E1-60F60ABE4B64}.Debug|Any CPU.ActiveCfg = Debug|Any CPU
		{11C6D875-A09A-4A9C-B4E1-60F60ABE4B64}.Debug|Any CPU.Build.0 = Debug|Any CPU
		{11C6D875-A09A-4A9C-B4E1-60F60ABE4B64}.Release|Any CPU.ActiveCfg = Release|Any CPU
		{11C6D875-A09A-4A9C-B4E1-60F60ABE4B64}.Release|Any CPU.Build.0 = Release|Any CPU
		{51E7ED4B-1708-4016-91C0-89B60527D8B3}.Debug|Any CPU.ActiveCfg = Debug|Any CPU
		{51E7ED4B-1708-4016-91C0-89B60527D8B3}.Debug|Any CPU.Build.0 = Debug|Any CPU
		{51E7ED4B-1708-4016-91C0-89B60527D8B3}.Release|Any CPU.ActiveCfg = Release|Any CPU
		{51E7ED4B-1708-4016-91C0-89B60527D8B3}.Release|Any CPU.Build.0 = Release|Any CPU
		{1E50A180-BBBA-4746-9EEC-C1B281665F82}.Debug|Any CPU.ActiveCfg = Debug|Any CPU
		{1E50A180-BBBA-4746-9EEC-C1B281665F82}.Debug|Any CPU.Build.0 = Debug|Any CPU
		{1E50A180-BBBA-4746-9EEC-C1B281665F82}.Release|Any CPU.ActiveCfg = Release|Any CPU
		{1E50A180-BBBA-4746-9EEC-C1B281665F82}.Release|Any CPU.Build.0 = Release|Any CPU
		{296881C9-23C0-4BE0-B3C5-589D49B2B7BA}.Debug|Any CPU.ActiveCfg = Debug|Any CPU
		{296881C9-23C0-4BE0-B3C5-589D49B2B7BA}.Debug|Any CPU.Build.0 = Debug|Any CPU
		{296881C9-23C0-4BE0-B3C5-589D49B2B7BA}.Release|Any CPU.ActiveCfg = Release|Any CPU
		{296881C9-23C0-4BE0-B3C5-589D49B2B7BA}.Release|Any CPU.Build.0 = Release|Any CPU
		{564E1FCA-A0A6-4AD4-8885-DB0853AA8709}.Debug|Any CPU.ActiveCfg = Debug|Any CPU
		{564E1FCA-A0A6-4AD4-8885-DB0853AA8709}.Debug|Any CPU.Build.0 = Debug|Any CPU
		{564E1FCA-A0A6-4AD4-8885-DB0853AA8709}.Release|Any CPU.ActiveCfg = Release|Any CPU
		{564E1FCA-A0A6-4AD4-8885-DB0853AA8709}.Release|Any CPU.Build.0 = Release|Any CPU
		{DB43CE05-6B08-4311-B3C6-9150CEA18267}.Debug|Any CPU.ActiveCfg = Debug|Any CPU
		{DB43CE05-6B08-4311-B3C6-9150CEA18267}.Debug|Any CPU.Build.0 = Debug|Any CPU
		{DB43CE05-6B08-4311-B3C6-9150CEA18267}.Release|Any CPU.ActiveCfg = Release|Any CPU
		{DB43CE05-6B08-4311-B3C6-9150CEA18267}.Release|Any CPU.Build.0 = Release|Any CPU
		{97EDB6DC-37E0-462A-9723-8112E8844908}.Debug|Any CPU.ActiveCfg = Debug|Any CPU
		{97EDB6DC-37E0-462A-9723-8112E8844908}.Debug|Any CPU.Build.0 = Debug|Any CPU
		{97EDB6DC-37E0-462A-9723-8112E8844908}.Release|Any CPU.ActiveCfg = Release|Any CPU
		{97EDB6DC-37E0-462A-9723-8112E8844908}.Release|Any CPU.Build.0 = Release|Any CPU
		{37E3D9CC-7B80-4790-A3BE-F8892A3F4BFC}.Debug|Any CPU.ActiveCfg = Debug|Any CPU
		{37E3D9CC-7B80-4790-A3BE-F8892A3F4BFC}.Debug|Any CPU.Build.0 = Debug|Any CPU
		{37E3D9CC-7B80-4790-A3BE-F8892A3F4BFC}.Release|Any CPU.ActiveCfg = Release|Any CPU
		{37E3D9CC-7B80-4790-A3BE-F8892A3F4BFC}.Release|Any CPU.Build.0 = Release|Any CPU
		{7A5BBFDE-62BC-4031-8B1C-ADBDEFB5A916}.Debug|Any CPU.ActiveCfg = Debug|Any CPU
		{7A5BBFDE-62BC-4031-8B1C-ADBDEFB5A916}.Debug|Any CPU.Build.0 = Debug|Any CPU
		{7A5BBFDE-62BC-4031-8B1C-ADBDEFB5A916}.Release|Any CPU.ActiveCfg = Release|Any CPU
		{7A5BBFDE-62BC-4031-8B1C-ADBDEFB5A916}.Release|Any CPU.Build.0 = Release|Any CPU
		{C6C799A9-9ABE-43C6-A447-667524FC653D}.Debug|Any CPU.ActiveCfg = Debug|Any CPU
		{C6C799A9-9ABE-43C6-A447-667524FC653D}.Debug|Any CPU.Build.0 = Debug|Any CPU
		{C6C799A9-9ABE-43C6-A447-667524FC653D}.Release|Any CPU.ActiveCfg = Release|Any CPU
		{C6C799A9-9ABE-43C6-A447-667524FC653D}.Release|Any CPU.Build.0 = Release|Any CPU
		{F33FB26D-527D-43B2-877E-A9DFE7E19D86}.Debug|Any CPU.ActiveCfg = Debug|Any CPU
		{F33FB26D-527D-43B2-877E-A9DFE7E19D86}.Debug|Any CPU.Build.0 = Debug|Any CPU
		{F33FB26D-527D-43B2-877E-A9DFE7E19D86}.Release|Any CPU.ActiveCfg = Release|Any CPU
		{F33FB26D-527D-43B2-877E-A9DFE7E19D86}.Release|Any CPU.Build.0 = Release|Any CPU
		{9E369FCA-D803-4574-8528-2B11DDEA02D3}.Debug|Any CPU.ActiveCfg = Debug|Any CPU
		{9E369FCA-D803-4574-8528-2B11DDEA02D3}.Debug|Any CPU.Build.0 = Debug|Any CPU
		{9E369FCA-D803-4574-8528-2B11DDEA02D3}.Release|Any CPU.ActiveCfg = Release|Any CPU
		{9E369FCA-D803-4574-8528-2B11DDEA02D3}.Release|Any CPU.Build.0 = Release|Any CPU
		{8F2F36F5-832B-4416-B6D2-78E6067A48F2}.Debug|Any CPU.ActiveCfg = Debug|Any CPU
		{8F2F36F5-832B-4416-B6D2-78E6067A48F2}.Debug|Any CPU.Build.0 = Debug|Any CPU
		{8F2F36F5-832B-4416-B6D2-78E6067A48F2}.Release|Any CPU.ActiveCfg = Release|Any CPU
		{8F2F36F5-832B-4416-B6D2-78E6067A48F2}.Release|Any CPU.Build.0 = Release|Any CPU
		{3F9C5D18-AE2E-4867-9E70-BAFF0504513E}.Debug|Any CPU.ActiveCfg = Debug|Any CPU
		{3F9C5D18-AE2E-4867-9E70-BAFF0504513E}.Debug|Any CPU.Build.0 = Debug|Any CPU
		{3F9C5D18-AE2E-4867-9E70-BAFF0504513E}.Release|Any CPU.ActiveCfg = Release|Any CPU
		{3F9C5D18-AE2E-4867-9E70-BAFF0504513E}.Release|Any CPU.Build.0 = Release|Any CPU
		{FB7BE45F-FCDA-4CF0-9DF0-7B0949D9EE4F}.Debug|Any CPU.ActiveCfg = Debug|Any CPU
		{FB7BE45F-FCDA-4CF0-9DF0-7B0949D9EE4F}.Debug|Any CPU.Build.0 = Debug|Any CPU
		{FB7BE45F-FCDA-4CF0-9DF0-7B0949D9EE4F}.Release|Any CPU.ActiveCfg = Release|Any CPU
		{FB7BE45F-FCDA-4CF0-9DF0-7B0949D9EE4F}.Release|Any CPU.Build.0 = Release|Any CPU
		{CC5BFC40-46AF-41CD-9E9F-E588EF80A373}.Debug|Any CPU.ActiveCfg = Debug|Any CPU
		{CC5BFC40-46AF-41CD-9E9F-E588EF80A373}.Debug|Any CPU.Build.0 = Debug|Any CPU
		{CC5BFC40-46AF-41CD-9E9F-E588EF80A373}.Release|Any CPU.ActiveCfg = Release|Any CPU
		{CC5BFC40-46AF-41CD-9E9F-E588EF80A373}.Release|Any CPU.Build.0 = Release|Any CPU
		{D6C6CECF-4363-478A-A48F-58ABA8B17CA4}.Debug|Any CPU.ActiveCfg = Debug|Any CPU
		{D6C6CECF-4363-478A-A48F-58ABA8B17CA4}.Debug|Any CPU.Build.0 = Debug|Any CPU
		{D6C6CECF-4363-478A-A48F-58ABA8B17CA4}.Release|Any CPU.ActiveCfg = Release|Any CPU
		{D6C6CECF-4363-478A-A48F-58ABA8B17CA4}.Release|Any CPU.Build.0 = Release|Any CPU
	EndGlobalSection
	GlobalSection(NestedProjects) = preSolution
		{11C6D875-A09A-4A9C-B4E1-60F60ABE4B64} = {608CEE40-AE1A-433B-8610-F1E14C418D2C}
		{51E7ED4B-1708-4016-91C0-89B60527D8B3} = {608CEE40-AE1A-433B-8610-F1E14C418D2C}
		{1E50A180-BBBA-4746-9EEC-C1B281665F82} = {608CEE40-AE1A-433B-8610-F1E14C418D2C}
		{296881C9-23C0-4BE0-B3C5-589D49B2B7BA} = {608CEE40-AE1A-433B-8610-F1E14C418D2C}
		{564E1FCA-A0A6-4AD4-8885-DB0853AA8709} = {608CEE40-AE1A-433B-8610-F1E14C418D2C}
		{97EDB6DC-37E0-462A-9723-8112E8844908} = {608CEE40-AE1A-433B-8610-F1E14C418D2C}
		{DB43CE05-6B08-4311-B3C6-9150CEA18267} = {608CEE40-AE1A-433B-8610-F1E14C418D2C}
		{37E3D9CC-7B80-4790-A3BE-F8892A3F4BFC} = {608CEE40-AE1A-433B-8610-F1E14C418D2C}
		{7A5BBFDE-62BC-4031-8B1C-ADBDEFB5A916} = {608CEE40-AE1A-433B-8610-F1E14C418D2C}
		{C6C799A9-9ABE-43C6-A447-667524FC653D} = {608CEE40-AE1A-433B-8610-F1E14C418D2C}
		{8F2F36F5-832B-4416-B6D2-78E6067A48F2} = {608CEE40-AE1A-433B-8610-F1E14C418D2C}
		{CC5BFC40-46AF-41CD-9E9F-E588EF80A373} = {608CEE40-AE1A-433B-8610-F1E14C418D2C}
		{D6C6CECF-4363-478A-A48F-58ABA8B17CA4} = {608CEE40-AE1A-433B-8610-F1E14C418D2C}
	EndGlobalSection
EndGlobal
